# THIS IS AN AUTOGENERATED FILE. DO NOT EDIT THIS FILE DIRECTLY.
# yarn lockfile v1
emojilib@^2.0.0:
  version "2.2.6"
  resolved "https://registry.yarnpkg.com/emojilib/-/emojilib-2.2.6.tgz#9aaf1a1a4a758ff1e76ba9cc825bb0399a8bba6d"

moji-translate@^1.0.7:
  version "1.0.7"
  resolved "https://registry.yarnpkg.com/moji-translate/-/moji-translate-1.0.7.tgz#67b73227cb172ca4599bd6890fa89ceb56e300ca"
  dependencies:
    emojilib "^2.0.0"

